
Microsoft Visual Studio Solution File, Format Version 12.00
# Visual Studio Version 16
VisualStudioVersion = 16.0.29920.165
MinimumVisualStudioVersion = 10.0.40219.1
Project("{2150E333-8FDC-42A3-9474-1A3956D46DE8}") = "CoreDemoDAL", "CoreDemoDAL", "{ECE3567B-E700-4D86-B870-8B30126B8070}"
EndProject
Project("{2150E333-8FDC-42A3-9474-1A3956D46DE8}") = "CoreDemoBLL", "CoreDemoBLL", "{5EAECB1C-E412-460E-AE5E-059DFFECFB77}"
EndProject
Project("{2150E333-8FDC-42A3-9474-1A3956D46DE8}") = "CoreDemoUI", "CoreDemoUI", "{6E1B3DAD-9CF8-4339-ACEC-4657B380C7DA}"
EndProject
Project("{2150E333-8FDC-42A3-9474-1A3956D46DE8}") = "CoreDemoFarmWork", "CoreDemoFarmWork", "{C6CF8B5F-F818-4E82-B17E-1C7DA55C0D86}"
EndProject
Project("{9A19103F-16F7-4668-BE54-9A1E7A4F7556}") = "MyDemoMvc", "MyDemoMvc\MyDemoMvc.csproj", "{FA427C34-924D-461B-AABB-F7F986D91D99}"
EndProject
Project("{9A19103F-16F7-4668-BE54-9A1E7A4F7556}") = "My.CoreDemo.UserService.Interface", "My.CoreDemo.Interface\My.CoreDemo.UserService.Interface.csproj", "{2698A943-C782-4FE0-A253-9172C9F1C05B}"
EndProject
Project("{9A19103F-16F7-4668-BE54-9A1E7A4F7556}") = "My.CoreDemo.UserService.Service", "My.CoreDemo.Service\My.CoreDemo.UserService.Service.csproj", "{68BEB3B9-FA0C-4346-B8B9-28CAB5A1727A}"
EndProject
Project("{9A19103F-16F7-4668-BE54-9A1E7A4F7556}") = "DemoFarmWork", "DemoFarmWork\DemoFarmWork.csproj", "{EC74B1B3-770C-4244-B40A-97070521FBD8}"
EndProject
Project("{9A19103F-16F7-4668-BE54-9A1E7A4F7556}") = "MyDemoUserMicroServiceWebApi", "MyDemoUserMicroServiceWebApi\MyDemoUserMicroServiceWebApi.csproj", "{C005AE46-3F1C-482D-9122-5DB420CA7236}"
EndProject
Project("{9A19103F-16F7-4668-BE54-9A1E7A4F7556}") = "MyDemoMicroServiceGateway", "MyDemoMicroServiceGateway\MyDemoMicroServiceGateway.csproj", "{857179EE-A62D-48AC-AE0F-A052C9AE4B97}"
EndProject
Project("{9A19103F-16F7-4668-BE54-9A1E7A4F7556}") = "MyDemoPayMicroServiceWebApi", "MyDemoPayMicroServiceWebApi\MyDemoPayMicroServiceWebApi.csproj", "{71D88A8E-92CD-463A-B0B0-6ED858C78714}"
EndProject
Project("{9A19103F-16F7-4668-BE54-9A1E7A4F7556}") = "MyDemoIdentityServer", "MyDemoIdentityServer\MyDemoIdentityServer.csproj", "{B1BC9516-91B5-4878-8B21-251095832A3A}"
EndProject
Project("{FAE04EC0-301F-11D3-BF4B-00C04F79EFBC}") = "DemoDALUser.Model", "DemoDALUser.Model\DemoDALUser.Model.csproj", "{2E0B801D-8B84-4F6F-9BFA-2F3244DAADB1}"
EndProject
Project("{FAE04EC0-301F-11D3-BF4B-00C04F79EFBC}") = "DemoDALUser.DAL", "DemoDALUser.DAL\DemoDALUser.DAL.csproj", "{6E31A0AC-E679-4F7C-9966-46B811F46F51}"
EndProject
Project("{2150E333-8FDC-42A3-9474-1A3956D46DE8}") = "Test", "Test", "{E3772206-56A4-4A08-B5CD-55A008D51BB8}"
EndProject
Project("{FAE04EC0-301F-11D3-BF4B-00C04F79EFBC}") = "DemoNutest", "DemoNutest\DemoNutest.csproj", "{C09DDB2A-737D-4CB9-B6F6-FC6F69775716}"
EndProject
Global
	GlobalSection(SolutionConfigurationPlatforms) = preSolution
		Debug|Any CPU = Debug|Any CPU
		Release|Any CPU = Release|Any CPU
	EndGlobalSection
	GlobalSection(ProjectConfigurationPlatforms) = postSolution
		{FA427C34-924D-461B-AABB-F7F986D91D99}.Debug|Any CPU.ActiveCfg = Debug|Any CPU
		{FA427C34-924D-461B-AABB-F7F986D91D99}.Debug|Any CPU.Build.0 = Debug|Any CPU
		{FA427C34-924D-461B-AABB-F7F986D91D99}.Release|Any CPU.ActiveCfg = Release|Any CPU
		{FA427C34-924D-461B-AABB-F7F986D91D99}.Release|Any CPU.Build.0 = Release|Any CPU
		{2698A943-C782-4FE0-A253-9172C9F1C05B}.Debug|Any CPU.ActiveCfg = Debug|Any CPU
		{2698A943-C782-4FE0-A253-9172C9F1C05B}.Debug|Any CPU.Build.0 = Debug|Any CPU
		{2698A943-C782-4FE0-A253-9172C9F1C05B}.Release|Any CPU.ActiveCfg = Release|Any CPU
		{2698A943-C782-4FE0-A253-9172C9F1C05B}.Release|Any CPU.Build.0 = Release|Any CPU
		{68BEB3B9-FA0C-4346-B8B9-28CAB5A1727A}.Debug|Any CPU.ActiveCfg = Debug|Any CPU
		{68BEB3B9-FA0C-4346-B8B9-28CAB5A1727A}.Debug|Any CPU.Build.0 = Debug|Any CPU
		{68BEB3B9-FA0C-4346-B8B9-28CAB5A1727A}.Release|Any CPU.ActiveCfg = Release|Any CPU
		{68BEB3B9-FA0C-4346-B8B9-28CAB5A1727A}.Release|Any CPU.Build.0 = Release|Any CPU
		{EC74B1B3-770C-4244-B40A-97070521FBD8}.Debug|Any CPU.ActiveCfg = Debug|Any CPU
		{EC74B1B3-770C-4244-B40A-97070521FBD8}.Debug|Any CPU.Build.0 = Debug|Any CPU
		{EC74B1B3-770C-4244-B40A-97070521FBD8}.Release|Any CPU.ActiveCfg = Release|Any CPU
		{EC74B1B3-770C-4244-B40A-97070521FBD8}.Release|Any CPU.Build.0 = Release|Any CPU
		{C005AE46-3F1C-482D-9122-5DB420CA7236}.Debug|Any CPU.ActiveCfg = Debug|Any CPU
		{C005AE46-3F1C-482D-9122-5DB420CA7236}.Debug|Any CPU.Build.0 = Debug|Any CPU
		{C005AE46-3F1C-482D-9122-5DB420CA7236}.Release|Any CPU.ActiveCfg = Release|Any CPU
		{C005AE46-3F1C-482D-9122-5DB420CA7236}.Release|Any CPU.Build.0 = Release|Any CPU
		{857179EE-A62D-48AC-AE0F-A052C9AE4B97}.Debug|Any CPU.ActiveCfg = Debug|Any CPU
		{857179EE-A62D-48AC-AE0F-A052C9AE4B97}.Debug|Any CPU.Build.0 = Debug|Any CPU
		{857179EE-A62D-48AC-AE0F-A052C9AE4B97}.Release|Any CPU.ActiveCfg = Release|Any CPU
		{857179EE-A62D-48AC-AE0F-A052C9AE4B97}.Release|Any CPU.Build.0 = Release|Any CPU
		{71D88A8E-92CD-463A-B0B0-6ED858C78714}.Debug|Any CPU.ActiveCfg = Debug|Any CPU
		{71D88A8E-92CD-463A-B0B0-6ED858C78714}.Debug|Any CPU.Build.0 = Debug|Any CPU
		{71D88A8E-92CD-463A-B0B0-6ED858C78714}.Release|Any CPU.ActiveCfg = Release|Any CPU
		{71D88A8E-92CD-463A-B0B0-6ED858C78714}.Release|Any CPU.Build.0 = Release|Any CPU
		{B1BC9516-91B5-4878-8B21-251095832A3A}.Debug|Any CPU.ActiveCfg = Debug|Any CPU
		{B1BC9516-91B5-4878-8B21-251095832A3A}.Debug|Any CPU.Build.0 = Debug|Any CPU
		{B1BC9516-91B5-4878-8B21-251095832A3A}.Release|Any CPU.ActiveCfg = Release|Any CPU
		{B1BC9516-91B5-4878-8B21-251095832A3A}.Release|Any CPU.Build.0 = Release|Any CPU
		{2E0B801D-8B84-4F6F-9BFA-2F3244DAADB1}.Debug|Any CPU.ActiveCfg = Debug|Any CPU
		{2E0B801D-8B84-4F6F-9BFA-2F3244DAADB1}.Debug|Any CPU.Build.0 = Debug|Any CPU
		{2E0B801D-8B84-4F6F-9BFA-2F3244DAADB1}.Release|Any CPU.ActiveCfg = Release|Any CPU
		{2E0B801D-8B84-4F6F-9BFA-2F3244DAADB1}.Release|Any CPU.Build.0 = Release|Any CPU
		{6E31A0AC-E679-4F7C-9966-46B811F46F51}.Debug|Any CPU.ActiveCfg = Debug|Any CPU
		{6E31A0AC-E679-4F7C-9966-46B811F46F51}.Debug|Any CPU.Build.0 = Debug|Any CPU
		{6E31A0AC-E679-4F7C-9966-46B811F46F51}.Release|Any CPU.ActiveCfg = Release|Any CPU
		{6E31A0AC-E679-4F7C-9966-46B811F46F51}.Release|Any CPU.Build.0 = Release|Any CPU
		{C09DDB2A-737D-4CB9-B6F6-FC6F69775716}.Debug|Any CPU.ActiveCfg = Debug|Any CPU
		{C09DDB2A-737D-4CB9-B6F6-FC6F69775716}.Debug|Any CPU.Build.0 = Debug|Any CPU
		{C09DDB2A-737D-4CB9-B6F6-FC6F69775716}.Release|Any CPU.ActiveCfg = Release|Any CPU
		{C09DDB2A-737D-4CB9-B6F6-FC6F69775716}.Release|Any CPU.Build.0 = Release|Any CPU
	EndGlobalSection
	GlobalSection(SolutionProperties) = preSolution
		HideSolutionNode = FALSE
	EndGlobalSection
	GlobalSection(NestedProjects) = preSolution
		{FA427C34-924D-461B-AABB-F7F986D91D99} = {6E1B3DAD-9CF8-4339-ACEC-4657B380C7DA}
		{2698A943-C782-4FE0-A253-9172C9F1C05B} = {5EAECB1C-E412-460E-AE5E-059DFFECFB77}
		{68BEB3B9-FA0C-4346-B8B9-28CAB5A1727A} = {5EAECB1C-E412-460E-AE5E-059DFFECFB77}
		{EC74B1B3-770C-4244-B40A-97070521FBD8} = {C6CF8B5F-F818-4E82-B17E-1C7DA55C0D86}
		{C005AE46-3F1C-482D-9122-5DB420CA7236} = {6E1B3DAD-9CF8-4339-ACEC-4657B380C7DA}
		{857179EE-A62D-48AC-AE0F-A052C9AE4B97} = {6E1B3DAD-9CF8-4339-ACEC-4657B380C7DA}
		{71D88A8E-92CD-463A-B0B0-6ED858C78714} = {6E1B3DAD-9CF8-4339-ACEC-4657B380C7DA}
		{B1BC9516-91B5-4878-8B21-251095832A3A} = {6E1B3DAD-9CF8-4339-ACEC-4657B380C7DA}
		{2E0B801D-8B84-4F6F-9BFA-2F3244DAADB1} = {ECE3567B-E700-4D86-B870-8B30126B8070}
		{6E31A0AC-E679-4F7C-9966-46B811F46F51} = {ECE3567B-E700-4D86-B870-8B30126B8070}
		{C09DDB2A-737D-4CB9-B6F6-FC6F69775716} = {E3772206-56A4-4A08-B5CD-55A008D51BB8}
	EndGlobalSection
	GlobalSection(ExtensibilityGlobals) = postSolution
		SolutionGuid = {AFA658E2-6135-46D0-B5C1-0F045404D41D}
	EndGlobalSection
EndGlobal
